// !$*UTF8*$!
{
	archiveVersion = 1;
	classes = {
	};
	objectVersion = 56;
	objects = {

/* Begin PBXBuildFile section */
		B90E31A62C060EF1004193E5 /* AppDelegate.m in Sources */ = {isa = PBXBuildFile; fileRef = B90E31A52C060EF1004193E5 /* AppDelegate.m */; };
		B90E31A92C060EF1004193E5 /* SceneDelegate.m in Sources */ = {isa = PBXBuildFile; fileRef = B90E31A82C060EF1004193E5 /* SceneDelegate.m */; };
		B90E31AC2C060EF1004193E5 /* ViewController.m in Sources */ = {isa = PBXBuildFile; fileRef = B90E31AB2C060EF1004193E5 /* ViewController.m */; };
		B90E31AF2C060EF1004193E5 /* Base in Resources */ = {isa = PBXBuildFile; fileRef = B90E31AE2C060EF1004193E5 /* Base */; };
		B90E31B12C060EF3004193E5 /* Assets.xcassets in Resources */ = {isa = PBXBuildFile; fileRef = B90E31B02C060EF3004193E5 /* Assets.xcassets */; };
		B90E31B42C060EF3004193E5 /* Base in Resources */ = {isa = PBXBuildFile; fileRef = B90E31B32C060EF3004193E5 /* Base */; };
		B90E31B72C060EF3004193E5 /* main.m in Sources */ = {isa = PBXBuildFile; fileRef = B90E31B62C060EF3004193E5 /* main.m */; };
		B90E31C12C060EF3004193E5 /* UIView__Tests.m in Sources */ = {isa = PBXBuildFile; fileRef = B90E31C02C060EF3004193E5 /* UIView__Tests.m */; };
		B90E31CB2C060EF3004193E5 /* UIView__UITests.m in Sources */ = {isa = PBXBuildFile; fileRef = B90E31CA2C060EF3004193E5 /* UIView__UITests.m */; };
		B90E31CD2C060EF3004193E5 /* UIView__UITestsLaunchTests.m in Sources */ = {isa = PBXBuildFile; fileRef = B90E31CC2C060EF3004193E5 /* UIView__UITestsLaunchTests.m */; };
/* End PBXBuildFile section */

/* Begin PBXContainerItemProxy section */
		B90E31BD2C060EF3004193E5 /* PBXContainerItemProxy */ = {
			isa = PBXContainerItemProxy;
			containerPortal = B90E31992C060EF1004193E5 /* Project object */;
			proxyType = 1;
			remoteGlobalIDString = B90E31A02C060EF1004193E5;
			remoteInfo = "UIView基础";
		};
		B90E31C72C060EF3004193E5 /* PBXContainerItemProxy */ = {
			isa = PBXContainerItemProxy;
			containerPortal = B90E31992C060EF1004193E5 /* Project object */;
			proxyType = 1;
			remoteGlobalIDString = B90E31A02C060EF1004193E5;
			remoteInfo = "UIView基础";
		};
/* End PBXContainerItemProxy section */

/* Begin PBXFileReference section */
		B90E31A12C060EF1004193E5 /* UIView基础.app */ = {isa = PBXFileReference; explicitFileType = wrapper.application; includeInIndex = 0; path = "UIView基础.app"; sourceTree = BUILT_PRODUCTS_DIR; };
		B90E31A42C060EF1004193E5 /* AppDelegate.h */ = {isa = PBXFileReference; lastKnownFileType = sourcecode.c.h; path = AppDelegate.h; sourceTree = "<group>"; };
		B90E31A52C060EF1004193E5 /* AppDelegate.m */ = {isa = PBXFileReference; lastKnownFileType = sourcecode.c.objc; path = AppDelegate.m; sourceTree = "<group>"; };
		B90E31A72C060EF1004193E5 /* SceneDelegate.h */ = {isa = PBXFileReference; lastKnownFileType = sourcecode.c.h; path = SceneDelegate.h; sourceTree = "<group>"; };
		B90E31A82C060EF1004193E5 /* SceneDelegate.m */ = {isa = PBXFileReference; lastKnownFileType = sourcecode.c.objc; path = SceneDelegate.m; sourceTree = "<group>"; };
		B90E31AA2C060EF1004193E5 /* ViewController.h */ = {isa = PBXFileReference; lastKnownFileType = sourcecode.c.h; path = ViewController.h; sourceTree = "<group>"; };
		B90E31AB2C060EF1004193E5 /* ViewController.m */ = {isa = PBXFileReference; lastKnownFileType = sourcecode.c.objc; path = ViewController.m; sourceTree = "<group>"; };
		B90E31AE2C060EF1004193E5 /* Base */ = {isa = PBXFileReference; lastKnownFileType = file.storyboard; name = Base; path = Base.lproj/Main.storyboard; sourceTree = "<group>"; };
		B90E31B02C060EF3004193E5 /* Assets.xcassets */ = {isa = PBXFileReference; lastKnownFileType = folder.assetcatalog; path = Assets.xcassets; sourceTree = "<group>"; };
		B90E31B32C060EF3004193E5 /* Base */ = {isa = PBXFileReference; lastKnownFileType = file.storyboard; name = Base; path = Base.lproj/LaunchScreen.storyboard; sourceTree = "<group>"; };
		B90E31B52C060EF3004193E5 /* Info.plist */ = {isa = PBXFileReference; lastKnownFileType = text.plist.xml; path = Info.plist; sourceTree = "<group>"; };
		B90E31B62C060EF3004193E5 /* main.m */ = {isa = PBXFileReference; lastKnownFileType = sourcecode.c.objc; path = main.m; sourceTree = "<group>"; };
		B90E31BC2C060EF3004193E5 /* UIView基础Tests.xctest */ = {isa = PBXFileReference; explicitFileType = wrapper.cfbundle; includeInIndex = 0; path = "UIView基础Tests.xctest"; sourceTree = BUILT_PRODUCTS_DIR; };
		B90E31C02C060EF3004193E5 /* UIView__Tests.m */ = {isa = PBXFileReference; lastKnownFileType = sourcecode.c.objc; path = UIView__Tests.m; sourceTree = "<group>"; };
		B90E31C62C060EF3004193E5 /* UIView基础UITests.xctest */ = {isa = PBXFileReference; explicitFileType = wrapper.cfbundle; includeInIndex = 0; path = "UIView基础UITests.xctest"; sourceTree = BUILT_PRODUCTS_DIR; };
		B90E31CA2C060EF3004193E5 /* UIView__UITests.m */ = {isa = PBXFileReference; lastKnownFileType = sourcecode.c.objc; path = UIView__UITests.m; sourceTree = "<group>"; };
		B90E31CC2C060EF3004193E5 /* UIView__UITestsLaunchTests.m */ = {isa = PBXFileReference; lastKnownFileType = sourcecode.c.objc; path = UIView__UITestsLaunchTests.m; sourceTree = "<group>"; };
/* End PBXFileReference section */

/* Begin PBXFrameworksBuildPhase section */
		B90E319E2C060EF1004193E5 /* Frameworks */ = {
			isa = PBXFrameworksBuildPhase;
			buildActionMask = 2147483647;
			files = (
			);
			runOnlyForDeploymentPostprocessing = 0;
		};
		B90E31B92C060EF3004193E5 /* Frameworks */ = {
			isa = PBXFrameworksBuildPhase;
			buildActionMask = 2147483647;
			files = (
			);
			runOnlyForDeploymentPostprocessing = 0;
		};
		B90E31C32C060EF3004193E5 /* Frameworks */ = {
			isa = PBXFrameworksBuildPhase;
			buildActionMask = 2147483647;
			files = (
			);
			runOnlyForDeploymentPostprocessing = 0;
		};
/* End PBXFrameworksBuildPhase section */

/* Begin PBXGroup section */
		B90E31982C060EF1004193E5 = {
			isa = PBXGroup;
			children = (
				B90E31A32C060EF1004193E5 /* UIView基础 */,
				B90E31BF2C060EF3004193E5 /* UIView基础Tests */,
				B90E31C92C060EF3004193E5 /* UIView基础UITests */,
				B90E31A22C060EF1004193E5 /* Products */,
			);
			sourceTree = "<group>";
		};
		B90E31A22C060EF1004193E5 /* Products */ = {
			isa = PBXGroup;
			children = (
				B90E31A12C060EF1004193E5 /* UIView基础.app */,
				B90E31BC2C060EF3004193E5 /* UIView基础Tests.xctest */,
				B90E31C62C060EF3004193E5 /* UIView基础UITests.xctest */,
			);
			name = Products;
			sourceTree = "<group>";
		};
		B90E31A32C060EF1004193E5 /* UIView基础 */ = {
			isa = PBXGroup;
			children = (
				B90E31A42C060EF1004193E5 /* AppDelegate.h */,
				B90E31A52C060EF1004193E5 /* AppDelegate.m */,
				B90E31A72C060EF1004193E5 /* SceneDelegate.h */,
				B90E31A82C060EF1004193E5 /* SceneDelegate.m */,
				B90E31AA2C060EF1004193E5 /* ViewController.h */,
				B90E31AB2C060EF1004193E5 /* ViewController.m */,
				B90E31AD2C060EF1004193E5 /* Main.storyboard */,
				B90E31B02C060EF3004193E5 /* Assets.xcassets */,
				B90E31B22C060EF3004193E5 /* LaunchScreen.storyboard */,
				B90E31B52C060EF3004193E5 /* Info.plist */,
				B90E31B62C060EF3004193E5 /* main.m */,
			);
			path = "UIView基础";
			sourceTree = "<group>";
		};
		B90E31BF2C060EF3004193E5 /* UIView基础Tests */ = {
			isa = PBXGroup;
			children = (
				B90E31C02C060EF3004193E5 /* UIView__Tests.m */,
			);
			path = "UIView基础Tests";
			sourceTree = "<group>";
		};
		B90E31C92C060EF3004193E5 /* UIView基础UITests */ = {
			isa = PBXGroup;
			children = (
				B90E31CA2C060EF3004193E5 /* UIView__UITests.m */,
				B90E31CC2C060EF3004193E5 /* UIView__UITestsLaunchTests.m */,
			);
			path = "UIView基础UITests";
			sourceTree = "<group>";
		};
/* End PBXGroup section */

/* Begin PBXNativeTarget section */
		B90E31A02C060EF1004193E5 /* UIView基础 */ = {
			isa = PBXNativeTarget;
			buildConfigurationList = B90E31D02C060EF3004193E5 /* Build configuration list for PBXNativeTarget "UIView基础" */;
			buildPhases = (
				B90E319D2C060EF1004193E5 /* Sources */,
				B90E319E2C060EF1004193E5 /* Frameworks */,
				B90E319F2C060EF1004193E5 /* Resources */,
			);
			buildRules = (
			);
			dependencies = (
			);
			name = "UIView基础";
			productName = "UIView基础";
			productReference = B90E31A12C060EF1004193E5 /* UIView基础.app */;
			productType = "com.apple.product-type.application";
		};
		B90E31BB2C060EF3004193E5 /* UIView基础Tests */ = {
			isa = PBXNativeTarget;
			buildConfigurationList = B90E31D32C060EF3004193E5 /* Build configuration list for PBXNativeTarget "UIView基础Tests" */;
			buildPhases = (
				B90E31B82C060EF3004193E5 /* Sources */,
				B90E31B92C060EF3004193E5 /* Frameworks */,
				B90E31BA2C060EF3004193E5 /* Resources */,
			);
			buildRules = (
			);
			dependencies = (
				B90E31BE2C060EF3004193E5 /* PBXTargetDependency */,
			);
			name = "UIView基础Tests";
			productName = "UIView基础Tests";
			productReference = B90E31BC2C060EF3004193E5 /* UIView基础Tests.xctest */;
			productType = "com.apple.product-type.bundle.unit-test";
		};
		B90E31C52C060EF3004193E5 /* UIView基础UITests */ = {
			isa = PBXNativeTarget;
			buildConfigurationList = B90E31D62C060EF3004193E5 /* Build configuration list for PBXNativeTarget "UIView基础UITests" */;
			buildPhases = (
				B90E31C22C060EF3004193E5 /* Sources */,
				B90E31C32C060EF3004193E5 /* Frameworks */,
				B90E31C42C060EF3004193E5 /* Resources */,
			);
			buildRules = (
			);
			dependencies = (
				B90E31C82C060EF3004193E5 /* PBXTargetDependency */,
			);
			name = "UIView基础UITests";
			productName = "UIView基础UITests";
			productReference = B90E31C62C060EF3004193E5 /* UIView基础UITests.xctest */;
			productType = "com.apple.product-type.bundle.ui-testing";
		};
/* End PBXNativeTarget section */

/* Begin PBXProject section */
		B90E31992C060EF1004193E5 /* Project object */ = {
			isa = PBXProject;
			attributes = {
				BuildIndependentTargetsInParallel = 1;
				LastUpgradeCheck = 1530;
				TargetAttributes = {
					B90E31A02C060EF1004193E5 = {
						CreatedOnToolsVersion = 15.3;
					};
					B90E31BB2C060EF3004193E5 = {
						CreatedOnToolsVersion = 15.3;
						TestTargetID = B90E31A02C060EF1004193E5;
					};
					B90E31C52C060EF3004193E5 = {
						CreatedOnToolsVersion = 15.3;
						TestTargetID = B90E31A02C060EF1004193E5;
					};
				};
			};
			buildConfigurationList = B90E319C2C060EF1004193E5 /* Build configuration list for PBXProject "UIView基础" */;
			compatibilityVersion = "Xcode 14.0";
			developmentRegion = en;
			hasScannedForEncodings = 0;
			knownRegions = (
				en,
				Base,
			);
			mainGroup = B90E31982C060EF1004193E5;
			productRefGroup = B90E31A22C060EF1004193E5 /* Products */;
			projectDirPath = "";
			projectRoot = "";
			targets = (
				B90E31A02C060EF1004193E5 /* UIView基础 */,
				B90E31BB2C060EF3004193E5 /* UIView基础Tests */,
				B90E31C52C060EF3004193E5 /* UIView基础UITests */,
			);
		};
/* End PBXProject section */

/* Begin PBXResourcesBuildPhase section */
		B90E319F2C060EF1004193E5 /* Resources */ = {
			isa = PBXResourcesBuildPhase;
			buildActionMask = 2147483647;
			files = (
				B90E31B12C060EF3004193E5 /* Assets.xcassets in Resources */,
				B90E31B42C060EF3004193E5 /* Base in Resources */,
				B90E31AF2C060EF1004193E5 /* Base in Resources */,
			);
			runOnlyForDeploymentPostprocessing = 0;
		};
		B90E31BA2C060EF3004193E5 /* Resources */ = {
			isa = PBXResourcesBuildPhase;
			buildActionMask = 2147483647;
			files = (
			);
			runOnlyForDeploymentPostprocessing = 0;
		};
		B90E31C42C060EF3004193E5 /* Resources */ = {
			isa = PBXResourcesBuildPhase;
			buildActionMask = 2147483647;
			files = (
			);
			runOnlyForDeploymentPostprocessing = 0;
		};
/* End PBXResourcesBuildPhase section */

/* Begin PBXSourcesBuildPhase section */
		B90E319D2C060EF1004193E5 /* Sources */ = {
			isa = PBXSourcesBuildPhase;
			buildActionMask = 2147483647;
			files = (
				B90E31AC2C060EF1004193E5 /* ViewController.m in Sources */,
				B90E31A62C060EF1004193E5 /* AppDelegate.m in Sources */,
				B90E31B72C060EF3004193E5 /* main.m in Sources */,
				B90E31A92C060EF1004193E5 /* SceneDelegate.m in Sources */,
			);
			runOnlyForDeploymentPostprocessing = 0;
		};
		B90E31B82C060EF3004193E5 /* Sources */ = {
			isa = PBXSourcesBuildPhase;
			buildActionMask = 2147483647;
			files = (
				B90E31C12C060EF3004193E5 /* UIView__Tests.m in Sources */,
			);
			runOnlyForDeploymentPostprocessing = 0;
		};
		B90E31C22C060EF3004193E5 /* Sources */ = {
			isa = PBXSourcesBuildPhase;
			buildActionMask = 2147483647;
			files = (
				B90E31CB2C060EF3004193E5 /* UIView__UITests.m in Sources */,
				B90E31CD2C060EF3004193E5 /* UIView__UITestsLaunchTests.m in Sources */,
			);
			runOnlyForDeploymentPostprocessing = 0;
		};
/* End PBXSourcesBuildPhase section */

/* Begin PBXTargetDependency section */
		B90E31BE2C060EF3004193E5 /* PBXTargetDependency */ = {
			isa = PBXTargetDependency;
			target = B90E31A02C060EF1004193E5 /* UIView基础 */;
			targetProxy = B90E31BD2C060EF3004193E5 /* PBXContainerItemProxy */;
		};
		B90E31C82C060EF3004193E5 /* PBXTargetDependency */ = {
			isa = PBXTargetDependency;
			target = B90E31A02C060EF1004193E5 /* UIView基础 */;
			targetProxy = B90E31C72C060EF3004193E5 /* PBXContainerItemProxy */;
		};
/* End PBXTargetDependency section */

/* Begin PBXVariantGroup section */
		B90E31AD2C060EF1004193E5 /* Main.storyboard */ = {
			isa = PBXVariantGroup;
			children = (
				B90E31AE2C060EF1004193E5 /* Base */,
			);
			name = Main.storyboard;
			sourceTree = "<group>";
		};
		B90E31B22C060EF3004193E5 /* LaunchScreen.storyboard */ = {
			isa = PBXVariantGroup;
			children = (
				B90E31B32C060EF3004193E5 /* Base */,
			);
			name = LaunchScreen.storyboard;
			sourceTree = "<group>";
		};
/* End PBXVariantGroup section */

/* Begin XCBuildConfiguration section */
		B90E31CE2C060EF3004193E5 /* Debug */ = {
			isa = XCBuildConfiguration;
			buildSettings = {
				ALWAYS_SEARCH_USER_PATHS = NO;
				ASSETCATALOG_COMPILER_GENERATE_SWIFT_ASSET_SYMBOL_EXTENSIONS = YES;
				CLANG_ANALYZER_NONNULL = YES;
				CLANG_ANALYZER_NUMBER_OBJECT_CONVERSION = YES_AGGRESSIVE;
				CLANG_CXX_LANGUAGE_STANDARD = "gnu++20";
				CLANG_ENABLE_MODULES = YES;
				CLANG_ENABLE_OBJC_ARC = YES;
				CLANG_ENABLE_OBJC_WEAK = YES;
				CLANG_WARN_BLOCK_CAPTURE_AUTORELEASING = YES;
				CLANG_WARN_BOOL_CONVERSION = YES;
				CLANG_WARN_COMMA = YES;
				CLANG_WARN_CONSTANT_CONVERSION = YES;
				CLANG_WARN_DEPRECATED_OBJC_IMPLEMENTATIONS = YES;
				CLANG_WARN_DIRECT_OBJC_ISA_USAGE = YES_ERROR;
				CLANG_WARN_DOCUMENTATION_COMMENTS = YES;
				CLANG_WARN_EMPTY_BODY = YES;
				CLANG_WARN_ENUM_CONVERSION = YES;
				CLANG_WARN_INFINITE_RECURSION = YES;
				CLANG_WARN_INT_CONVERSION = YES;
				CLANG_WARN_NON_LITERAL_NULL_CONVERSION = YES;
				CLANG_WARN_OBJC_IMPLICIT_RETAIN_SELF = YES;
				CLANG_WARN_OBJC_LITERAL_CONVERSION = YES;
				CLANG_WARN_OBJC_ROOT_CLASS = YES_ERROR;
				CLANG_WARN_QUOTED_INCLUDE_IN_FRAMEWORK_HEADER = YES;
				CLANG_WARN_RANGE_LOOP_ANALYSIS = YES;
				CLANG_WARN_STRICT_PROTOTYPES = YES;
				CLANG_WARN_SUSPICIOUS_MOVE = YES;
				CLANG_WARN_UNGUARDED_AVAILABILITY = YES_AGGRESSIVE;
				CLANG_WARN_UNREACHABLE_CODE = YES;
				CLANG_WARN__DUPLICATE_METHOD_MATCH = YES;
				COPY_PHASE_STRIP = NO;
				DEBUG_INFORMATION_FORMAT = dwarf;
				ENABLE_STRICT_OBJC_MSGSEND = YES;
				ENABLE_TESTABILITY = YES;
				ENABLE_USER_SCRIPT_SANDBOXING = YES;
				GCC_C_LANGUAGE_STANDARD = gnu17;
				GCC_DYNAMIC_NO_PIC = NO;
				GCC_NO_COMMON_BLOCKS = YES;
				GCC_OPTIMIZATION_LEVEL = 0;
				GCC_PREPROCESSOR_DEFINITIONS = (
					"DEBUG=1",
					"$(inherited)",
				);
				GCC_WARN_64_TO_32_BIT_CONVERSION = YES;
				GCC_WARN_ABOUT_RETURN_TYPE = YES_ERROR;
				GCC_WARN_UNDECLARED_SELECTOR = YES;
				GCC_WARN_UNINITIALIZED_AUTOS = YES_AGGRESSIVE;
				GCC_WARN_UNUSED_FUNCTION = YES;
				GCC_WARN_UNUSED_VARIABLE = YES;
				IPHONEOS_DEPLOYMENT_TARGET = 17.4;
				LOCALIZATION_PREFERS_STRING_CATALOGS = YES;
				MTL_ENABLE_DEBUG_INFO = INCLUDE_SOURCE;
				MTL_FAST_MATH = YES;
				ONLY_ACTIVE_ARCH = YES;
				SDKROOT = iphoneos;
			};
			name = Debug;
		};
		B90E31CF2C060EF3004193E5 /* Release */ = {
			isa = XCBuildConfiguration;
			buildSettings = {
				ALWAYS_SEARCH_USER_PATHS = NO;
				ASSETCATALOG_COMPILER_GENERATE_SWIFT_ASSET_SYMBOL_EXTENSIONS = YES;
				CLANG_ANALYZER_NONNULL = YES;
				CLANG_ANALYZER_NUMBER_OBJECT_CONVERSION = YES_AGGRESSIVE;
				CLANG_CXX_LANGUAGE_STANDARD = "gnu++20";
				CLANG_ENABLE_MODULES = YES;
				CLANG_ENABLE_OBJC_ARC = YES;
				CLANG_ENABLE_OBJC_WEAK = YES;
				CLANG_WARN_BLOCK_CAPTURE_AUTORELEASING = YES;
				CLANG_WARN_BOOL_CONVERSION = YES;
				CLANG_WARN_COMMA = YES;
				CLANG_WARN_CONSTANT_CONVERSION = YES;
				CLANG_WARN_DEPRECATED_OBJC_IMPLEMENTATIONS = YES;
				CLANG_WARN_DIRECT_OBJC_ISA_USAGE = YES_ERROR;
				CLANG_WARN_DOCUMENTATION_COMMENTS = YES;
				CLANG_WARN_EMPTY_BODY = YES;
				CLANG_WARN_ENUM_CONVERSION = YES;
				CLANG_WARN_INFINITE_RECURSION = YES;
				CLANG_WARN_INT_CONVERSION = YES;
				CLANG_WARN_NON_LITERAL_NULL_CONVERSION = YES;
				CLANG_WARN_OBJC_IMPLICIT_RETAIN_SELF = YES;
				CLANG_WARN_OBJC_LITERAL_CONVERSION = YES;
				CLANG_WARN_OBJC_ROOT_CLASS = YES_ERROR;
				CLANG_WARN_QUOTED_INCLUDE_IN_FRAMEWORK_HEADER = YES;
				CLANG_WARN_RANGE_LOOP_ANALYSIS = YES;
				CLANG_WARN_STRICT_PROTOTYPES = YES;
				CLANG_WARN_SUSPICIOUS_MOVE = YES;
				CLANG_WARN_UNGUARDED_AVAILABILITY = YES_AGGRESSIVE;
				CLANG_WARN_UNREACHABLE_CODE = YES;
				CLANG_WARN__DUPLICATE_METHOD_MATCH = YES;
				COPY_PHASE_STRIP = NO;
				DEBUG_INFORMATION_FORMAT = "dwarf-with-dsym";
				ENABLE_NS_ASSERTIONS = NO;
				ENABLE_STRICT_OBJC_MSGSEND = YES;
				ENABLE_USER_SCRIPT_SANDBOXING = YES;
				GCC_C_LANGUAGE_STANDARD = gnu17;
				GCC_NO_COMMON_BLOCKS = YES;
				GCC_WARN_64_TO_32_BIT_CONVERSION = YES;
				GCC_WARN_ABOUT_RETURN_TYPE = YES_ERROR;
				GCC_WARN_UNDECLARED_SELECTOR = YES;
				GCC_WARN_UNINITIALIZED_AUTOS = YES_AGGRESSIVE;
				GCC_WARN_UNUSED_FUNCTION = YES;
				GCC_WARN_UNUSED_VARIABLE = YES;
				IPHONEOS_DEPLOYMENT_TARGET = 17.4;
				LOCALIZATION_PREFERS_STRING_CATALOGS = YES;
				MTL_ENABLE_DEBUG_INFO = NO;
				MTL_FAST_MATH = YES;
				SDKROOT = iphoneos;
				VALIDATE_PRODUCT = YES;
			};
			name = Release;
		};
		B90E31D12C060EF3004193E5 /* Debug */ = {
			isa = XCBuildConfiguration;
			buildSettings = {
				ASSETCATALOG_COMPILER_APPICON_NAME = AppIcon;
				ASSETCATALOG_COMPILER_GLOBAL_ACCENT_COLOR_NAME = AccentColor;
				CODE_SIGN_STYLE = Automatic;
				CURRENT_PROJECT_VERSION = 1;
				GENERATE_INFOPLIST_FILE = YES;
				INFOPLIST_FILE = "UIView基础/Info.plist";
				INFOPLIST_KEY_UIApplicationSupportsIndirectInputEvents = YES;
				INFOPLIST_KEY_UILaunchStoryboardName = LaunchScreen;
				INFOPLIST_KEY_UIMainStoryboardFile = Main;
				INFOPLIST_KEY_UISupportedInterfaceOrientations_iPad = "UIInterfaceOrientationPortrait UIInterfaceOrientationPortraitUpsideDown UIInterfaceOrientationLandscapeLeft UIInterfaceOrientationLandscapeRight";
				INFOPLIST_KEY_UISupportedInterfaceOrientations_iPhone = "UIInterfaceOrientationPortrait UIInterfaceOrientationLandscapeLeft UIInterfaceOrientationLandscapeRight";
				LD_RUNPATH_SEARCH_PATHS = (
					"$(inherited)",
					"@executable_path/Frameworks",
				);
				MARKETING_VERSION = 1.0;
				PRODUCT_BUNDLE_IDENTIFIER = "D.UIView--";
				PRODUCT_NAME = "$(TARGET_NAME)";
				SWIFT_EMIT_LOC_STRINGS = YES;
				TARGETED_DEVICE_FAMILY = "1,2";
			};
			name = Debug;
		};
		B90E31D22C060EF3004193E5 /* Release */ = {
			isa = XCBuildConfiguration;
			buildSettings = {
				ASSETCATALOG_COMPILER_APPICON_NAME = AppIcon;
				ASSETCATALOG_COMPILER_GLOBAL_ACCENT_COLOR_NAME = AccentColor;
				CODE_SIGN_STYLE = Automatic;
				CURRENT_PROJECT_VERSION = 1;
				GENERATE_INFOPLIST_FILE = YES;
				INFOPLIST_FILE = "UIView基础/Info.plist";
				INFOPLIST_KEY_UIApplicationSupportsIndirectInputEvents = YES;
				INFOPLIST_KEY_UILaunchStoryboardName = LaunchScreen;
				INFOPLIST_KEY_UIMainStoryboardFile = Main;
				INFOPLIST_KEY_UISupportedInterfaceOrientations_iPad = "UIInterfaceOrientationPortrait UIInterfaceOrientationPortraitUpsideDown UIInterfaceOrientationLandscapeLeft UIInterfaceOrientationLandscapeRight";
				INFOPLIST_KEY_UISupportedInterfaceOrientations_iPhone = "UIInterfaceOrientationPortrait UIInterfaceOrientationLandscapeLeft UIInterfaceOrientationLandscapeRight";
				LD_RUNPATH_SEARCH_PATHS = (
					"$(inherited)",
					"@executable_path/Frameworks",
				);
				MARKETING_VERSION = 1.0;
				PRODUCT_BUNDLE_IDENTIFIER = "D.UIView--";
				PRODUCT_NAME = "$(TARGET_NAME)";
				SWIFT_EMIT_LOC_STRINGS = YES;
				TARGETED_DEVICE_FAMILY = "1,2";
			};
			name = Release;
		};
		B90E31D42C060EF3004193E5 /* Debug */ = {
			isa = XCBuildConfiguration;
			buildSettings = {
				BUNDLE_LOADER = "$(TEST_HOST)";
				CODE_SIGN_STYLE = Automatic;
				CURRENT_PROJECT_VERSION = 1;
				GENERATE_INFOPLIST_FILE = YES;
				IPHONEOS_DEPLOYMENT_TARGET = 17.4;
				MARKETING_VERSION = 1.0;
				PRODUCT_BUNDLE_IDENTIFIER = "D.UIView--Tests";
				PRODUCT_NAME = "$(TARGET_NAME)";
				SWIFT_EMIT_LOC_STRINGS = NO;
				TARGETED_DEVICE_FAMILY = "1,2";
				TEST_HOST = "$(BUILT_PRODUCTS_DIR)/UIView基础.app/$(BUNDLE_EXECUTABLE_FOLDER_PATH)/UIView基础";
			};
			name = Debug;
		};
		B90E31D52C060EF3004193E5 /* Release */ = {
			isa = XCBuildConfiguration;
			buildSettings = {
				BUNDLE_LOADER = "$(TEST_HOST)";
				CODE_SIGN_STYLE = Automatic;
				CURRENT_PROJECT_VERSION = 1;
				GENERATE_INFOPLIST_FILE = YES;
				IPHONEOS_DEPLOYMENT_TARGET = 17.4;
				MARKETING_VERSION = 1.0;
				PRODUCT_BUNDLE_IDENTIFIER = "D.UIView--Tests";
				PRODUCT_NAME = "$(TARGET_NAME)";
				SWIFT_EMIT_LOC_STRINGS = NO;
				TARGETED_DEVICE_FAMILY = "1,2";
				TEST_HOST = "$(BUILT_PRODUCTS_DIR)/UIView基础.app/$(BUNDLE_EXECUTABLE_FOLDER_PATH)/UIView基础";
			};
			name = Release;
		};
		B90E31D72C060EF3004193E5 /* Debug */ = {
			isa = XCBuildConfiguration;
			buildSettings = {
				CODE_SIGN_STYLE = Automatic;
				CURRENT_PROJECT_VERSION = 1;
				GENERATE_INFOPLIST_FILE = YES;
				MARKETING_VERSION = 1.0;
				PRODUCT_BUNDLE_IDENTIFIER = "D.UIView--UITests";
				PRODUCT_NAME = "$(TARGET_NAME)";
				SWIFT_EMIT_LOC_STRINGS = NO;
				TARGETED_DEVICE_FAMILY = "1,2";
				TEST_TARGET_NAME = "UIView基础";
			};
			name = Debug;
		};
		B90E31D82C060EF3004193E5 /* Release */ = {
			isa = XCBuildConfiguration;
			buildSettings = {
				CODE_SIGN_STYLE = Automatic;
				CURRENT_PROJECT_VERSION = 1;
				GENERATE_INFOPLIST_FILE = YES;
				MARKETING_VERSION = 1.0;
				PRODUCT_BUNDLE_IDENTIFIER = "D.UIView--UITests";
				PRODUCT_NAME = "$(TARGET_NAME)";
				SWIFT_EMIT_LOC_STRINGS = NO;
				TARGETED_DEVICE_FAMILY = "1,2";
				TEST_TARGET_NAME = "UIView基础";
			};
			name = Release;
		};
/* End XCBuildConfiguration section */

/* Begin XCConfigurationList section */
		B90E319C2C060EF1004193E5 /* Build configuration list for PBXProject "UIView基础" */ = {
			isa = XCConfigurationList;
			buildConfigurations = (
				B90E31CE2C060EF3004193E5 /* Debug */,
				B90E31CF2C060EF3004193E5 /* Release */,
			);
			defaultConfigurationIsVisible = 0;
			defaultConfigurationName = Release;
		};
		B90E31D02C060EF3004193E5 /* Build configuration list for PBXNativeTarget "UIView基础" */ = {
			isa = XCConfigurationList;
			buildConfigurations = (
				B90E31D12C060EF3004193E5 /* Debug */,
				B90E31D22C060EF3004193E5 /* Release */,
			);
			defaultConfigurationIsVisible = 0;
			defaultConfigurationName = Release;
		};
		B90E31D32C060EF3004193E5 /* Build configuration list for PBXNativeTarget "UIView基础Tests" */ = {
			isa = XCConfigurationList;
			buildConfigurations = (
				B90E31D42C060EF3004193E5 /* Debug */,
				B90E31D52C060EF3004193E5 /* Release */,
			);
			defaultConfigurationIsVisible = 0;
			defaultConfigurationName = Release;
		};
		B90E31D62C060EF3004193E5 /* Build configuration list for PBXNativeTarget "UIView基础UITests" */ = {
			isa = XCConfigurationList;
			buildConfigurations = (
				B90E31D72C060EF3004193E5 /* Debug */,
				B90E31D82C060EF3004193E5 /* Release */,
			);
			defaultConfigurationIsVisible = 0;
			defaultConfigurationName = Release;
		};
/* End XCConfigurationList section */
	};
	rootObject = B90E31992C060EF1004193E5 /* Project object */;
}
