// !$*UTF8*$!
{
	archiveVersion = 1;
	classes = {
	};
	objectVersion = 56;
	objects = {

/* Begin PBXBuildFile section */
		B90E34F32C1088C0004193E5 /* AppDelegate.m in Sources */ = {isa = PBXBuildFile; fileRef = B90E34F22C1088C0004193E5 /* AppDelegate.m */; };
		B90E34F62C1088C0004193E5 /* SceneDelegate.m in Sources */ = {isa = PBXBuildFile; fileRef = B90E34F52C1088C0004193E5 /* SceneDelegate.m */; };
		B90E34F92C1088C0004193E5 /* ViewController.m in Sources */ = {isa = PBXBuildFile; fileRef = B90E34F82C1088C0004193E5 /* ViewController.m */; };
		B90E34FC2C1088C0004193E5 /* Base in Resources */ = {isa = PBXBuildFile; fileRef = B90E34FB2C1088C0004193E5 /* Base */; };
		B90E34FE2C1088C2004193E5 /* Assets.xcassets in Resources */ = {isa = PBXBuildFile; fileRef = B90E34FD2C1088C2004193E5 /* Assets.xcassets */; };
		B90E35012C1088C2004193E5 /* Base in Resources */ = {isa = PBXBuildFile; fileRef = B90E35002C1088C2004193E5 /* Base */; };
		B90E35042C1088C2004193E5 /* main.m in Sources */ = {isa = PBXBuildFile; fileRef = B90E35032C1088C2004193E5 /* main.m */; };
		B90E350E2C1088C2004193E5 /* UISlider_UIProgressViewTests.m in Sources */ = {isa = PBXBuildFile; fileRef = B90E350D2C1088C2004193E5 /* UISlider_UIProgressViewTests.m */; };
		B90E35182C1088C2004193E5 /* UISlider_UIProgressViewUITests.m in Sources */ = {isa = PBXBuildFile; fileRef = B90E35172C1088C2004193E5 /* UISlider_UIProgressViewUITests.m */; };
		B90E351A2C1088C2004193E5 /* UISlider_UIProgressViewUITestsLaunchTests.m in Sources */ = {isa = PBXBuildFile; fileRef = B90E35192C1088C2004193E5 /* UISlider_UIProgressViewUITestsLaunchTests.m */; };
/* End PBXBuildFile section */

/* Begin PBXContainerItemProxy section */
		B90E350A2C1088C2004193E5 /* PBXContainerItemProxy */ = {
			isa = PBXContainerItemProxy;
			containerPortal = B90E34E62C1088C0004193E5 /* Project object */;
			proxyType = 1;
			remoteGlobalIDString = B90E34ED2C1088C0004193E5;
			remoteInfo = "UISlider&UIProgressView";
		};
		B90E35142C1088C2004193E5 /* PBXContainerItemProxy */ = {
			isa = PBXContainerItemProxy;
			containerPortal = B90E34E62C1088C0004193E5 /* Project object */;
			proxyType = 1;
			remoteGlobalIDString = B90E34ED2C1088C0004193E5;
			remoteInfo = "UISlider&UIProgressView";
		};
/* End PBXContainerItemProxy section */

/* Begin PBXFileReference section */
		B90E34EE2C1088C0004193E5 /* UISlider&UIProgressView.app */ = {isa = PBXFileReference; explicitFileType = wrapper.application; includeInIndex = 0; path = "UISlider&UIProgressView.app"; sourceTree = BUILT_PRODUCTS_DIR; };
		B90E34F12C1088C0004193E5 /* AppDelegate.h */ = {isa = PBXFileReference; lastKnownFileType = sourcecode.c.h; path = AppDelegate.h; sourceTree = "<group>"; };
		B90E34F22C1088C0004193E5 /* AppDelegate.m */ = {isa = PBXFileReference; lastKnownFileType = sourcecode.c.objc; path = AppDelegate.m; sourceTree = "<group>"; };
		B90E34F42C1088C0004193E5 /* SceneDelegate.h */ = {isa = PBXFileReference; lastKnownFileType = sourcecode.c.h; path = SceneDelegate.h; sourceTree = "<group>"; };
		B90E34F52C1088C0004193E5 /* SceneDelegate.m */ = {isa = PBXFileReference; lastKnownFileType = sourcecode.c.objc; path = SceneDelegate.m; sourceTree = "<group>"; };
		B90E34F72C1088C0004193E5 /* ViewController.h */ = {isa = PBXFileReference; lastKnownFileType = sourcecode.c.h; path = ViewController.h; sourceTree = "<group>"; };
		B90E34F82C1088C0004193E5 /* ViewController.m */ = {isa = PBXFileReference; lastKnownFileType = sourcecode.c.objc; path = ViewController.m; sourceTree = "<group>"; };
		B90E34FB2C1088C0004193E5 /* Base */ = {isa = PBXFileReference; lastKnownFileType = file.storyboard; name = Base; path = Base.lproj/Main.storyboard; sourceTree = "<group>"; };
		B90E34FD2C1088C2004193E5 /* Assets.xcassets */ = {isa = PBXFileReference; lastKnownFileType = folder.assetcatalog; path = Assets.xcassets; sourceTree = "<group>"; };
		B90E35002C1088C2004193E5 /* Base */ = {isa = PBXFileReference; lastKnownFileType = file.storyboard; name = Base; path = Base.lproj/LaunchScreen.storyboard; sourceTree = "<group>"; };
		B90E35022C1088C2004193E5 /* Info.plist */ = {isa = PBXFileReference; lastKnownFileType = text.plist.xml; path = Info.plist; sourceTree = "<group>"; };
		B90E35032C1088C2004193E5 /* main.m */ = {isa = PBXFileReference; lastKnownFileType = sourcecode.c.objc; path = main.m; sourceTree = "<group>"; };
		B90E35092C1088C2004193E5 /* UISlider&UIProgressViewTests.xctest */ = {isa = PBXFileReference; explicitFileType = wrapper.cfbundle; includeInIndex = 0; path = "UISlider&UIProgressViewTests.xctest"; sourceTree = BUILT_PRODUCTS_DIR; };
		B90E350D2C1088C2004193E5 /* UISlider_UIProgressViewTests.m */ = {isa = PBXFileReference; lastKnownFileType = sourcecode.c.objc; path = UISlider_UIProgressViewTests.m; sourceTree = "<group>"; };
		B90E35132C1088C2004193E5 /* UISlider&UIProgressViewUITests.xctest */ = {isa = PBXFileReference; explicitFileType = wrapper.cfbundle; includeInIndex = 0; path = "UISlider&UIProgressViewUITests.xctest"; sourceTree = BUILT_PRODUCTS_DIR; };
		B90E35172C1088C2004193E5 /* UISlider_UIProgressViewUITests.m */ = {isa = PBXFileReference; lastKnownFileType = sourcecode.c.objc; path = UISlider_UIProgressViewUITests.m; sourceTree = "<group>"; };
		B90E35192C1088C2004193E5 /* UISlider_UIProgressViewUITestsLaunchTests.m */ = {isa = PBXFileReference; lastKnownFileType = sourcecode.c.objc; path = UISlider_UIProgressViewUITestsLaunchTests.m; sourceTree = "<group>"; };
/* End PBXFileReference section */

/* Begin PBXFrameworksBuildPhase section */
		B90E34EB2C1088C0004193E5 /* Frameworks */ = {
			isa = PBXFrameworksBuildPhase;
			buildActionMask = 2147483647;
			files = (
			);
			runOnlyForDeploymentPostprocessing = 0;
		};
		B90E35062C1088C2004193E5 /* Frameworks */ = {
			isa = PBXFrameworksBuildPhase;
			buildActionMask = 2147483647;
			files = (
			);
			runOnlyForDeploymentPostprocessing = 0;
		};
		B90E35102C1088C2004193E5 /* Frameworks */ = {
			isa = PBXFrameworksBuildPhase;
			buildActionMask = 2147483647;
			files = (
			);
			runOnlyForDeploymentPostprocessing = 0;
		};
/* End PBXFrameworksBuildPhase section */

/* Begin PBXGroup section */
		B90E34E52C1088C0004193E5 = {
			isa = PBXGroup;
			children = (
				B90E34F02C1088C0004193E5 /* UISlider&UIProgressView */,
				B90E350C2C1088C2004193E5 /* UISlider&UIProgressViewTests */,
				B90E35162C1088C2004193E5 /* UISlider&UIProgressViewUITests */,
				B90E34EF2C1088C0004193E5 /* Products */,
			);
			sourceTree = "<group>";
		};
		B90E34EF2C1088C0004193E5 /* Products */ = {
			isa = PBXGroup;
			children = (
				B90E34EE2C1088C0004193E5 /* UISlider&UIProgressView.app */,
				B90E35092C1088C2004193E5 /* UISlider&UIProgressViewTests.xctest */,
				B90E35132C1088C2004193E5 /* UISlider&UIProgressViewUITests.xctest */,
			);
			name = Products;
			sourceTree = "<group>";
		};
		B90E34F02C1088C0004193E5 /* UISlider&UIProgressView */ = {
			isa = PBXGroup;
			children = (
				B90E34F12C1088C0004193E5 /* AppDelegate.h */,
				B90E34F22C1088C0004193E5 /* AppDelegate.m */,
				B90E34F42C1088C0004193E5 /* SceneDelegate.h */,
				B90E34F52C1088C0004193E5 /* SceneDelegate.m */,
				B90E34F72C1088C0004193E5 /* ViewController.h */,
				B90E34F82C1088C0004193E5 /* ViewController.m */,
				B90E34FA2C1088C0004193E5 /* Main.storyboard */,
				B90E34FD2C1088C2004193E5 /* Assets.xcassets */,
				B90E34FF2C1088C2004193E5 /* LaunchScreen.storyboard */,
				B90E35022C1088C2004193E5 /* Info.plist */,
				B90E35032C1088C2004193E5 /* main.m */,
			);
			path = "UISlider&UIProgressView";
			sourceTree = "<group>";
		};
		B90E350C2C1088C2004193E5 /* UISlider&UIProgressViewTests */ = {
			isa = PBXGroup;
			children = (
				B90E350D2C1088C2004193E5 /* UISlider_UIProgressViewTests.m */,
			);
			path = "UISlider&UIProgressViewTests";
			sourceTree = "<group>";
		};
		B90E35162C1088C2004193E5 /* UISlider&UIProgressViewUITests */ = {
			isa = PBXGroup;
			children = (
				B90E35172C1088C2004193E5 /* UISlider_UIProgressViewUITests.m */,
				B90E35192C1088C2004193E5 /* UISlider_UIProgressViewUITestsLaunchTests.m */,
			);
			path = "UISlider&UIProgressViewUITests";
			sourceTree = "<group>";
		};
/* End PBXGroup section */

/* Begin PBXNativeTarget section */
		B90E34ED2C1088C0004193E5 /* UISlider&UIProgressView */ = {
			isa = PBXNativeTarget;
			buildConfigurationList = B90E351D2C1088C2004193E5 /* Build configuration list for PBXNativeTarget "UISlider&UIProgressView" */;
			buildPhases = (
				B90E34EA2C1088C0004193E5 /* Sources */,
				B90E34EB2C1088C0004193E5 /* Frameworks */,
				B90E34EC2C1088C0004193E5 /* Resources */,
			);
			buildRules = (
			);
			dependencies = (
			);
			name = "UISlider&UIProgressView";
			productName = "UISlider&UIProgressView";
			productReference = B90E34EE2C1088C0004193E5 /* UISlider&UIProgressView.app */;
			productType = "com.apple.product-type.application";
		};
		B90E35082C1088C2004193E5 /* UISlider&UIProgressViewTests */ = {
			isa = PBXNativeTarget;
			buildConfigurationList = B90E35202C1088C2004193E5 /* Build configuration list for PBXNativeTarget "UISlider&UIProgressViewTests" */;
			buildPhases = (
				B90E35052C1088C2004193E5 /* Sources */,
				B90E35062C1088C2004193E5 /* Frameworks */,
				B90E35072C1088C2004193E5 /* Resources */,
			);
			buildRules = (
			);
			dependencies = (
				B90E350B2C1088C2004193E5 /* PBXTargetDependency */,
			);
			name = "UISlider&UIProgressViewTests";
			productName = "UISlider&UIProgressViewTests";
			productReference = B90E35092C1088C2004193E5 /* UISlider&UIProgressViewTests.xctest */;
			productType = "com.apple.product-type.bundle.unit-test";
		};
		B90E35122C1088C2004193E5 /* UISlider&UIProgressViewUITests */ = {
			isa = PBXNativeTarget;
			buildConfigurationList = B90E35232C1088C2004193E5 /* Build configuration list for PBXNativeTarget "UISlider&UIProgressViewUITests" */;
			buildPhases = (
				B90E350F2C1088C2004193E5 /* Sources */,
				B90E35102C1088C2004193E5 /* Frameworks */,
				B90E35112C1088C2004193E5 /* Resources */,
			);
			buildRules = (
			);
			dependencies = (
				B90E35152C1088C2004193E5 /* PBXTargetDependency */,
			);
			name = "UISlider&UIProgressViewUITests";
			productName = "UISlider&UIProgressViewUITests";
			productReference = B90E35132C1088C2004193E5 /* UISlider&UIProgressViewUITests.xctest */;
			productType = "com.apple.product-type.bundle.ui-testing";
		};
/* End PBXNativeTarget section */

/* Begin PBXProject section */
		B90E34E62C1088C0004193E5 /* Project object */ = {
			isa = PBXProject;
			attributes = {
				BuildIndependentTargetsInParallel = 1;
				LastUpgradeCheck = 1530;
				TargetAttributes = {
					B90E34ED2C1088C0004193E5 = {
						CreatedOnToolsVersion = 15.3;
					};
					B90E35082C1088C2004193E5 = {
						CreatedOnToolsVersion = 15.3;
						TestTargetID = B90E34ED2C1088C0004193E5;
					};
					B90E35122C1088C2004193E5 = {
						CreatedOnToolsVersion = 15.3;
						TestTargetID = B90E34ED2C1088C0004193E5;
					};
				};
			};
			buildConfigurationList = B90E34E92C1088C0004193E5 /* Build configuration list for PBXProject "UISlider&UIProgressView" */;
			compatibilityVersion = "Xcode 14.0";
			developmentRegion = en;
			hasScannedForEncodings = 0;
			knownRegions = (
				en,
				Base,
			);
			mainGroup = B90E34E52C1088C0004193E5;
			productRefGroup = B90E34EF2C1088C0004193E5 /* Products */;
			projectDirPath = "";
			projectRoot = "";
			targets = (
				B90E34ED2C1088C0004193E5 /* UISlider&UIProgressView */,
				B90E35082C1088C2004193E5 /* UISlider&UIProgressViewTests */,
				B90E35122C1088C2004193E5 /* UISlider&UIProgressViewUITests */,
			);
		};
/* End PBXProject section */

/* Begin PBXResourcesBuildPhase section */
		B90E34EC2C1088C0004193E5 /* Resources */ = {
			isa = PBXResourcesBuildPhase;
			buildActionMask = 2147483647;
			files = (
				B90E34FE2C1088C2004193E5 /* Assets.xcassets in Resources */,
				B90E35012C1088C2004193E5 /* Base in Resources */,
				B90E34FC2C1088C0004193E5 /* Base in Resources */,
			);
			runOnlyForDeploymentPostprocessing = 0;
		};
		B90E35072C1088C2004193E5 /* Resources */ = {
			isa = PBXResourcesBuildPhase;
			buildActionMask = 2147483647;
			files = (
			);
			runOnlyForDeploymentPostprocessing = 0;
		};
		B90E35112C1088C2004193E5 /* Resources */ = {
			isa = PBXResourcesBuildPhase;
			buildActionMask = 2147483647;
			files = (
			);
			runOnlyForDeploymentPostprocessing = 0;
		};
/* End PBXResourcesBuildPhase section */

/* Begin PBXSourcesBuildPhase section */
		B90E34EA2C1088C0004193E5 /* Sources */ = {
			isa = PBXSourcesBuildPhase;
			buildActionMask = 2147483647;
			files = (
				B90E34F92C1088C0004193E5 /* ViewController.m in Sources */,
				B90E34F32C1088C0004193E5 /* AppDelegate.m in Sources */,
				B90E35042C1088C2004193E5 /* main.m in Sources */,
				B90E34F62C1088C0004193E5 /* SceneDelegate.m in Sources */,
			);
			runOnlyForDeploymentPostprocessing = 0;
		};
		B90E35052C1088C2004193E5 /* Sources */ = {
			isa = PBXSourcesBuildPhase;
			buildActionMask = 2147483647;
			files = (
				B90E350E2C1088C2004193E5 /* UISlider_UIProgressViewTests.m in Sources */,
			);
			runOnlyForDeploymentPostprocessing = 0;
		};
		B90E350F2C1088C2004193E5 /* Sources */ = {
			isa = PBXSourcesBuildPhase;
			buildActionMask = 2147483647;
			files = (
				B90E35182C1088C2004193E5 /* UISlider_UIProgressViewUITests.m in Sources */,
				B90E351A2C1088C2004193E5 /* UISlider_UIProgressViewUITestsLaunchTests.m in Sources */,
			);
			runOnlyForDeploymentPostprocessing = 0;
		};
/* End PBXSourcesBuildPhase section */

/* Begin PBXTargetDependency section */
		B90E350B2C1088C2004193E5 /* PBXTargetDependency */ = {
			isa = PBXTargetDependency;
			target = B90E34ED2C1088C0004193E5 /* UISlider&UIProgressView */;
			targetProxy = B90E350A2C1088C2004193E5 /* PBXContainerItemProxy */;
		};
		B90E35152C1088C2004193E5 /* PBXTargetDependency */ = {
			isa = PBXTargetDependency;
			target = B90E34ED2C1088C0004193E5 /* UISlider&UIProgressView */;
			targetProxy = B90E35142C1088C2004193E5 /* PBXContainerItemProxy */;
		};
/* End PBXTargetDependency section */

/* Begin PBXVariantGroup section */
		B90E34FA2C1088C0004193E5 /* Main.storyboard */ = {
			isa = PBXVariantGroup;
			children = (
				B90E34FB2C1088C0004193E5 /* Base */,
			);
			name = Main.storyboard;
			sourceTree = "<group>";
		};
		B90E34FF2C1088C2004193E5 /* LaunchScreen.storyboard */ = {
			isa = PBXVariantGroup;
			children = (
				B90E35002C1088C2004193E5 /* Base */,
			);
			name = LaunchScreen.storyboard;
			sourceTree = "<group>";
		};
/* End PBXVariantGroup section */

/* Begin XCBuildConfiguration section */
		B90E351B2C1088C2004193E5 /* Debug */ = {
			isa = XCBuildConfiguration;
			buildSettings = {
				ALWAYS_SEARCH_USER_PATHS = NO;
				ASSETCATALOG_COMPILER_GENERATE_SWIFT_ASSET_SYMBOL_EXTENSIONS = YES;
				CLANG_ANALYZER_NONNULL = YES;
				CLANG_ANALYZER_NUMBER_OBJECT_CONVERSION = YES_AGGRESSIVE;
				CLANG_CXX_LANGUAGE_STANDARD = "gnu++20";
				CLANG_ENABLE_MODULES = YES;
				CLANG_ENABLE_OBJC_ARC = YES;
				CLANG_ENABLE_OBJC_WEAK = YES;
				CLANG_WARN_BLOCK_CAPTURE_AUTORELEASING = YES;
				CLANG_WARN_BOOL_CONVERSION = YES;
				CLANG_WARN_COMMA = YES;
				CLANG_WARN_CONSTANT_CONVERSION = YES;
				CLANG_WARN_DEPRECATED_OBJC_IMPLEMENTATIONS = YES;
				CLANG_WARN_DIRECT_OBJC_ISA_USAGE = YES_ERROR;
				CLANG_WARN_DOCUMENTATION_COMMENTS = YES;
				CLANG_WARN_EMPTY_BODY = YES;
				CLANG_WARN_ENUM_CONVERSION = YES;
				CLANG_WARN_INFINITE_RECURSION = YES;
				CLANG_WARN_INT_CONVERSION = YES;
				CLANG_WARN_NON_LITERAL_NULL_CONVERSION = YES;
				CLANG_WARN_OBJC_IMPLICIT_RETAIN_SELF = YES;
				CLANG_WARN_OBJC_LITERAL_CONVERSION = YES;
				CLANG_WARN_OBJC_ROOT_CLASS = YES_ERROR;
				CLANG_WARN_QUOTED_INCLUDE_IN_FRAMEWORK_HEADER = YES;
				CLANG_WARN_RANGE_LOOP_ANALYSIS = YES;
				CLANG_WARN_STRICT_PROTOTYPES = YES;
				CLANG_WARN_SUSPICIOUS_MOVE = YES;
				CLANG_WARN_UNGUARDED_AVAILABILITY = YES_AGGRESSIVE;
				CLANG_WARN_UNREACHABLE_CODE = YES;
				CLANG_WARN__DUPLICATE_METHOD_MATCH = YES;
				COPY_PHASE_STRIP = NO;
				DEBUG_INFORMATION_FORMAT = dwarf;
				ENABLE_STRICT_OBJC_MSGSEND = YES;
				ENABLE_TESTABILITY = YES;
				ENABLE_USER_SCRIPT_SANDBOXING = YES;
				GCC_C_LANGUAGE_STANDARD = gnu17;
				GCC_DYNAMIC_NO_PIC = NO;
				GCC_NO_COMMON_BLOCKS = YES;
				GCC_OPTIMIZATION_LEVEL = 0;
				GCC_PREPROCESSOR_DEFINITIONS = (
					"DEBUG=1",
					"$(inherited)",
				);
				GCC_WARN_64_TO_32_BIT_CONVERSION = YES;
				GCC_WARN_ABOUT_RETURN_TYPE = YES_ERROR;
				GCC_WARN_UNDECLARED_SELECTOR = YES;
				GCC_WARN_UNINITIALIZED_AUTOS = YES_AGGRESSIVE;
				GCC_WARN_UNUSED_FUNCTION = YES;
				GCC_WARN_UNUSED_VARIABLE = YES;
				IPHONEOS_DEPLOYMENT_TARGET = 17.4;
				LOCALIZATION_PREFERS_STRING_CATALOGS = YES;
				MTL_ENABLE_DEBUG_INFO = INCLUDE_SOURCE;
				MTL_FAST_MATH = YES;
				ONLY_ACTIVE_ARCH = YES;
				SDKROOT = iphoneos;
			};
			name = Debug;
		};
		B90E351C2C1088C2004193E5 /* Release */ = {
			isa = XCBuildConfiguration;
			buildSettings = {
				ALWAYS_SEARCH_USER_PATHS = NO;
				ASSETCATALOG_COMPILER_GENERATE_SWIFT_ASSET_SYMBOL_EXTENSIONS = YES;
				CLANG_ANALYZER_NONNULL = YES;
				CLANG_ANALYZER_NUMBER_OBJECT_CONVERSION = YES_AGGRESSIVE;
				CLANG_CXX_LANGUAGE_STANDARD = "gnu++20";
				CLANG_ENABLE_MODULES = YES;
				CLANG_ENABLE_OBJC_ARC = YES;
				CLANG_ENABLE_OBJC_WEAK = YES;
				CLANG_WARN_BLOCK_CAPTURE_AUTORELEASING = YES;
				CLANG_WARN_BOOL_CONVERSION = YES;
				CLANG_WARN_COMMA = YES;
				CLANG_WARN_CONSTANT_CONVERSION = YES;
				CLANG_WARN_DEPRECATED_OBJC_IMPLEMENTATIONS = YES;
				CLANG_WARN_DIRECT_OBJC_ISA_USAGE = YES_ERROR;
				CLANG_WARN_DOCUMENTATION_COMMENTS = YES;
				CLANG_WARN_EMPTY_BODY = YES;
				CLANG_WARN_ENUM_CONVERSION = YES;
				CLANG_WARN_INFINITE_RECURSION = YES;
				CLANG_WARN_INT_CONVERSION = YES;
				CLANG_WARN_NON_LITERAL_NULL_CONVERSION = YES;
				CLANG_WARN_OBJC_IMPLICIT_RETAIN_SELF = YES;
				CLANG_WARN_OBJC_LITERAL_CONVERSION = YES;
				CLANG_WARN_OBJC_ROOT_CLASS = YES_ERROR;
				CLANG_WARN_QUOTED_INCLUDE_IN_FRAMEWORK_HEADER = YES;
				CLANG_WARN_RANGE_LOOP_ANALYSIS = YES;
				CLANG_WARN_STRICT_PROTOTYPES = YES;
				CLANG_WARN_SUSPICIOUS_MOVE = YES;
				CLANG_WARN_UNGUARDED_AVAILABILITY = YES_AGGRESSIVE;
				CLANG_WARN_UNREACHABLE_CODE = YES;
				CLANG_WARN__DUPLICATE_METHOD_MATCH = YES;
				COPY_PHASE_STRIP = NO;
				DEBUG_INFORMATION_FORMAT = "dwarf-with-dsym";
				ENABLE_NS_ASSERTIONS = NO;
				ENABLE_STRICT_OBJC_MSGSEND = YES;
				ENABLE_USER_SCRIPT_SANDBOXING = YES;
				GCC_C_LANGUAGE_STANDARD = gnu17;
				GCC_NO_COMMON_BLOCKS = YES;
				GCC_WARN_64_TO_32_BIT_CONVERSION = YES;
				GCC_WARN_ABOUT_RETURN_TYPE = YES_ERROR;
				GCC_WARN_UNDECLARED_SELECTOR = YES;
				GCC_WARN_UNINITIALIZED_AUTOS = YES_AGGRESSIVE;
				GCC_WARN_UNUSED_FUNCTION = YES;
				GCC_WARN_UNUSED_VARIABLE = YES;
				IPHONEOS_DEPLOYMENT_TARGET = 17.4;
				LOCALIZATION_PREFERS_STRING_CATALOGS = YES;
				MTL_ENABLE_DEBUG_INFO = NO;
				MTL_FAST_MATH = YES;
				SDKROOT = iphoneos;
				VALIDATE_PRODUCT = YES;
			};
			name = Release;
		};
		B90E351E2C1088C2004193E5 /* Debug */ = {
			isa = XCBuildConfiguration;
			buildSettings = {
				ASSETCATALOG_COMPILER_APPICON_NAME = AppIcon;
				ASSETCATALOG_COMPILER_GLOBAL_ACCENT_COLOR_NAME = AccentColor;
				CODE_SIGN_STYLE = Automatic;
				CURRENT_PROJECT_VERSION = 1;
				GENERATE_INFOPLIST_FILE = YES;
				INFOPLIST_FILE = "UISlider&UIProgressView/Info.plist";
				INFOPLIST_KEY_UIApplicationSupportsIndirectInputEvents = YES;
				INFOPLIST_KEY_UILaunchStoryboardName = LaunchScreen;
				INFOPLIST_KEY_UIMainStoryboardFile = Main;
				INFOPLIST_KEY_UISupportedInterfaceOrientations_iPad = "UIInterfaceOrientationPortrait UIInterfaceOrientationPortraitUpsideDown UIInterfaceOrientationLandscapeLeft UIInterfaceOrientationLandscapeRight";
				INFOPLIST_KEY_UISupportedInterfaceOrientations_iPhone = "UIInterfaceOrientationPortrait UIInterfaceOrientationLandscapeLeft UIInterfaceOrientationLandscapeRight";
				LD_RUNPATH_SEARCH_PATHS = (
					"$(inherited)",
					"@executable_path/Frameworks",
				);
				MARKETING_VERSION = 1.0;
				PRODUCT_BUNDLE_IDENTIFIER = "com.zhizuobiao.UISlider-UIProgressView";
				PRODUCT_NAME = "$(TARGET_NAME)";
				SWIFT_EMIT_LOC_STRINGS = YES;
				TARGETED_DEVICE_FAMILY = "1,2";
			};
			name = Debug;
		};
		B90E351F2C1088C2004193E5 /* Release */ = {
			isa = XCBuildConfiguration;
			buildSettings = {
				ASSETCATALOG_COMPILER_APPICON_NAME = AppIcon;
				ASSETCATALOG_COMPILER_GLOBAL_ACCENT_COLOR_NAME = AccentColor;
				CODE_SIGN_STYLE = Automatic;
				CURRENT_PROJECT_VERSION = 1;
				GENERATE_INFOPLIST_FILE = YES;
				INFOPLIST_FILE = "UISlider&UIProgressView/Info.plist";
				INFOPLIST_KEY_UIApplicationSupportsIndirectInputEvents = YES;
				INFOPLIST_KEY_UILaunchStoryboardName = LaunchScreen;
				INFOPLIST_KEY_UIMainStoryboardFile = Main;
				INFOPLIST_KEY_UISupportedInterfaceOrientations_iPad = "UIInterfaceOrientationPortrait UIInterfaceOrientationPortraitUpsideDown UIInterfaceOrientationLandscapeLeft UIInterfaceOrientationLandscapeRight";
				INFOPLIST_KEY_UISupportedInterfaceOrientations_iPhone = "UIInterfaceOrientationPortrait UIInterfaceOrientationLandscapeLeft UIInterfaceOrientationLandscapeRight";
				LD_RUNPATH_SEARCH_PATHS = (
					"$(inherited)",
					"@executable_path/Frameworks",
				);
				MARKETING_VERSION = 1.0;
				PRODUCT_BUNDLE_IDENTIFIER = "com.zhizuobiao.UISlider-UIProgressView";
				PRODUCT_NAME = "$(TARGET_NAME)";
				SWIFT_EMIT_LOC_STRINGS = YES;
				TARGETED_DEVICE_FAMILY = "1,2";
			};
			name = Release;
		};
		B90E35212C1088C2004193E5 /* Debug */ = {
			isa = XCBuildConfiguration;
			buildSettings = {
				BUNDLE_LOADER = "$(TEST_HOST)";
				CODE_SIGN_STYLE = Automatic;
				CURRENT_PROJECT_VERSION = 1;
				GENERATE_INFOPLIST_FILE = YES;
				IPHONEOS_DEPLOYMENT_TARGET = 17.4;
				MARKETING_VERSION = 1.0;
				PRODUCT_BUNDLE_IDENTIFIER = "com.zhizuobiao.UISlider-UIProgressViewTests";
				PRODUCT_NAME = "$(TARGET_NAME)";
				SWIFT_EMIT_LOC_STRINGS = NO;
				TARGETED_DEVICE_FAMILY = "1,2";
				TEST_HOST = "$(BUILT_PRODUCTS_DIR)/UISlider&UIProgressView.app/$(BUNDLE_EXECUTABLE_FOLDER_PATH)/UISlider&UIProgressView";
			};
			name = Debug;
		};
		B90E35222C1088C2004193E5 /* Release */ = {
			isa = XCBuildConfiguration;
			buildSettings = {
				BUNDLE_LOADER = "$(TEST_HOST)";
				CODE_SIGN_STYLE = Automatic;
				CURRENT_PROJECT_VERSION = 1;
				GENERATE_INFOPLIST_FILE = YES;
				IPHONEOS_DEPLOYMENT_TARGET = 17.4;
				MARKETING_VERSION = 1.0;
				PRODUCT_BUNDLE_IDENTIFIER = "com.zhizuobiao.UISlider-UIProgressViewTests";
				PRODUCT_NAME = "$(TARGET_NAME)";
				SWIFT_EMIT_LOC_STRINGS = NO;
				TARGETED_DEVICE_FAMILY = "1,2";
				TEST_HOST = "$(BUILT_PRODUCTS_DIR)/UISlider&UIProgressView.app/$(BUNDLE_EXECUTABLE_FOLDER_PATH)/UISlider&UIProgressView";
			};
			name = Release;
		};
		B90E35242C1088C2004193E5 /* Debug */ = {
			isa = XCBuildConfiguration;
			buildSettings = {
				CODE_SIGN_STYLE = Automatic;
				CURRENT_PROJECT_VERSION = 1;
				GENERATE_INFOPLIST_FILE = YES;
				MARKETING_VERSION = 1.0;
				PRODUCT_BUNDLE_IDENTIFIER = "com.zhizuobiao.UISlider-UIProgressViewUITests";
				PRODUCT_NAME = "$(TARGET_NAME)";
				SWIFT_EMIT_LOC_STRINGS = NO;
				TARGETED_DEVICE_FAMILY = "1,2";
				TEST_TARGET_NAME = "UISlider&UIProgressView";
			};
			name = Debug;
		};
		B90E35252C1088C2004193E5 /* Release */ = {
			isa = XCBuildConfiguration;
			buildSettings = {
				CODE_SIGN_STYLE = Automatic;
				CURRENT_PROJECT_VERSION = 1;
				GENERATE_INFOPLIST_FILE = YES;
				MARKETING_VERSION = 1.0;
				PRODUCT_BUNDLE_IDENTIFIER = "com.zhizuobiao.UISlider-UIProgressViewUITests";
				PRODUCT_NAME = "$(TARGET_NAME)";
				SWIFT_EMIT_LOC_STRINGS = NO;
				TARGETED_DEVICE_FAMILY = "1,2";
				TEST_TARGET_NAME = "UISlider&UIProgressView";
			};
			name = Release;
		};
/* End XCBuildConfiguration section */

/* Begin XCConfigurationList section */
		B90E34E92C1088C0004193E5 /* Build configuration list for PBXProject "UISlider&UIProgressView" */ = {
			isa = XCConfigurationList;
			buildConfigurations = (
				B90E351B2C1088C2004193E5 /* Debug */,
				B90E351C2C1088C2004193E5 /* Release */,
			);
			defaultConfigurationIsVisible = 0;
			defaultConfigurationName = Release;
		};
		B90E351D2C1088C2004193E5 /* Build configuration list for PBXNativeTarget "UISlider&UIProgressView" */ = {
			isa = XCConfigurationList;
			buildConfigurations = (
				B90E351E2C1088C2004193E5 /* Debug */,
				B90E351F2C1088C2004193E5 /* Release */,
			);
			defaultConfigurationIsVisible = 0;
			defaultConfigurationName = Release;
		};
		B90E35202C1088C2004193E5 /* Build configuration list for PBXNativeTarget "UISlider&UIProgressViewTests" */ = {
			isa = XCConfigurationList;
			buildConfigurations = (
				B90E35212C1088C2004193E5 /* Debug */,
				B90E35222C1088C2004193E5 /* Release */,
			);
			defaultConfigurationIsVisible = 0;
			defaultConfigurationName = Release;
		};
		B90E35232C1088C2004193E5 /* Build configuration list for PBXNativeTarget "UISlider&UIProgressViewUITests" */ = {
			isa = XCConfigurationList;
			buildConfigurations = (
				B90E35242C1088C2004193E5 /* Debug */,
				B90E35252C1088C2004193E5 /* Release */,
			);
			defaultConfigurationIsVisible = 0;
			defaultConfigurationName = Release;
		};
/* End XCConfigurationList section */
	};
	rootObject = B90E34E62C1088C0004193E5 /* Project object */;
}
