// !$*UTF8*$!
{
	archiveVersion = 1;
	classes = {
	};
	objectVersion = 56;
	objects = {

/* Begin PBXBuildFile section */
		B90E32692C075DE2004193E5 /* AppDelegate.m in Sources */ = {isa = PBXBuildFile; fileRef = B90E32682C075DE2004193E5 /* AppDelegate.m */; };
		B90E326C2C075DE2004193E5 /* SceneDelegate.m in Sources */ = {isa = PBXBuildFile; fileRef = B90E326B2C075DE2004193E5 /* SceneDelegate.m */; };
		B90E326F2C075DE2004193E5 /* ViewController.m in Sources */ = {isa = PBXBuildFile; fileRef = B90E326E2C075DE2004193E5 /* ViewController.m */; };
		B90E32722C075DE2004193E5 /* Base in Resources */ = {isa = PBXBuildFile; fileRef = B90E32712C075DE2004193E5 /* Base */; };
		B90E32742C075DE4004193E5 /* Assets.xcassets in Resources */ = {isa = PBXBuildFile; fileRef = B90E32732C075DE4004193E5 /* Assets.xcassets */; };
		B90E32772C075DE4004193E5 /* Base in Resources */ = {isa = PBXBuildFile; fileRef = B90E32762C075DE4004193E5 /* Base */; };
		B90E327A2C075DE4004193E5 /* main.m in Sources */ = {isa = PBXBuildFile; fileRef = B90E32792C075DE4004193E5 /* main.m */; };
		B90E32842C075DE4004193E5 /* UIWindowTests.m in Sources */ = {isa = PBXBuildFile; fileRef = B90E32832C075DE4004193E5 /* UIWindowTests.m */; };
		B90E328E2C075DE4004193E5 /* UIWindowUITests.m in Sources */ = {isa = PBXBuildFile; fileRef = B90E328D2C075DE4004193E5 /* UIWindowUITests.m */; };
		B90E32902C075DE4004193E5 /* UIWindowUITestsLaunchTests.m in Sources */ = {isa = PBXBuildFile; fileRef = B90E328F2C075DE4004193E5 /* UIWindowUITestsLaunchTests.m */; };
/* End PBXBuildFile section */

/* Begin PBXContainerItemProxy section */
		B90E32802C075DE4004193E5 /* PBXContainerItemProxy */ = {
			isa = PBXContainerItemProxy;
			containerPortal = B90E325C2C075DE2004193E5 /* Project object */;
			proxyType = 1;
			remoteGlobalIDString = B90E32632C075DE2004193E5;
			remoteInfo = UIWindow;
		};
		B90E328A2C075DE4004193E5 /* PBXContainerItemProxy */ = {
			isa = PBXContainerItemProxy;
			containerPortal = B90E325C2C075DE2004193E5 /* Project object */;
			proxyType = 1;
			remoteGlobalIDString = B90E32632C075DE2004193E5;
			remoteInfo = UIWindow;
		};
/* End PBXContainerItemProxy section */

/* Begin PBXFileReference section */
		B90E32642C075DE2004193E5 /* UIWindow.app */ = {isa = PBXFileReference; explicitFileType = wrapper.application; includeInIndex = 0; path = UIWindow.app; sourceTree = BUILT_PRODUCTS_DIR; };
		B90E32672C075DE2004193E5 /* AppDelegate.h */ = {isa = PBXFileReference; lastKnownFileType = sourcecode.c.h; path = AppDelegate.h; sourceTree = "<group>"; };
		B90E32682C075DE2004193E5 /* AppDelegate.m */ = {isa = PBXFileReference; lastKnownFileType = sourcecode.c.objc; path = AppDelegate.m; sourceTree = "<group>"; };
		B90E326A2C075DE2004193E5 /* SceneDelegate.h */ = {isa = PBXFileReference; lastKnownFileType = sourcecode.c.h; path = SceneDelegate.h; sourceTree = "<group>"; };
		B90E326B2C075DE2004193E5 /* SceneDelegate.m */ = {isa = PBXFileReference; lastKnownFileType = sourcecode.c.objc; path = SceneDelegate.m; sourceTree = "<group>"; };
		B90E326D2C075DE2004193E5 /* ViewController.h */ = {isa = PBXFileReference; lastKnownFileType = sourcecode.c.h; path = ViewController.h; sourceTree = "<group>"; };
		B90E326E2C075DE2004193E5 /* ViewController.m */ = {isa = PBXFileReference; lastKnownFileType = sourcecode.c.objc; path = ViewController.m; sourceTree = "<group>"; };
		B90E32712C075DE2004193E5 /* Base */ = {isa = PBXFileReference; lastKnownFileType = file.storyboard; name = Base; path = Base.lproj/Main.storyboard; sourceTree = "<group>"; };
		B90E32732C075DE4004193E5 /* Assets.xcassets */ = {isa = PBXFileReference; lastKnownFileType = folder.assetcatalog; path = Assets.xcassets; sourceTree = "<group>"; };
		B90E32762C075DE4004193E5 /* Base */ = {isa = PBXFileReference; lastKnownFileType = file.storyboard; name = Base; path = Base.lproj/LaunchScreen.storyboard; sourceTree = "<group>"; };
		B90E32782C075DE4004193E5 /* Info.plist */ = {isa = PBXFileReference; lastKnownFileType = text.plist.xml; path = Info.plist; sourceTree = "<group>"; };
		B90E32792C075DE4004193E5 /* main.m */ = {isa = PBXFileReference; lastKnownFileType = sourcecode.c.objc; path = main.m; sourceTree = "<group>"; };
		B90E327F2C075DE4004193E5 /* UIWindowTests.xctest */ = {isa = PBXFileReference; explicitFileType = wrapper.cfbundle; includeInIndex = 0; path = UIWindowTests.xctest; sourceTree = BUILT_PRODUCTS_DIR; };
		B90E32832C075DE4004193E5 /* UIWindowTests.m */ = {isa = PBXFileReference; lastKnownFileType = sourcecode.c.objc; path = UIWindowTests.m; sourceTree = "<group>"; };
		B90E32892C075DE4004193E5 /* UIWindowUITests.xctest */ = {isa = PBXFileReference; explicitFileType = wrapper.cfbundle; includeInIndex = 0; path = UIWindowUITests.xctest; sourceTree = BUILT_PRODUCTS_DIR; };
		B90E328D2C075DE4004193E5 /* UIWindowUITests.m */ = {isa = PBXFileReference; lastKnownFileType = sourcecode.c.objc; path = UIWindowUITests.m; sourceTree = "<group>"; };
		B90E328F2C075DE4004193E5 /* UIWindowUITestsLaunchTests.m */ = {isa = PBXFileReference; lastKnownFileType = sourcecode.c.objc; path = UIWindowUITestsLaunchTests.m; sourceTree = "<group>"; };
/* End PBXFileReference section */

/* Begin PBXFrameworksBuildPhase section */
		B90E32612C075DE2004193E5 /* Frameworks */ = {
			isa = PBXFrameworksBuildPhase;
			buildActionMask = 2147483647;
			files = (
			);
			runOnlyForDeploymentPostprocessing = 0;
		};
		B90E327C2C075DE4004193E5 /* Frameworks */ = {
			isa = PBXFrameworksBuildPhase;
			buildActionMask = 2147483647;
			files = (
			);
			runOnlyForDeploymentPostprocessing = 0;
		};
		B90E32862C075DE4004193E5 /* Frameworks */ = {
			isa = PBXFrameworksBuildPhase;
			buildActionMask = 2147483647;
			files = (
			);
			runOnlyForDeploymentPostprocessing = 0;
		};
/* End PBXFrameworksBuildPhase section */

/* Begin PBXGroup section */
		B90E325B2C075DE2004193E5 = {
			isa = PBXGroup;
			children = (
				B90E32662C075DE2004193E5 /* UIWindow */,
				B90E32822C075DE4004193E5 /* UIWindowTests */,
				B90E328C2C075DE4004193E5 /* UIWindowUITests */,
				B90E32652C075DE2004193E5 /* Products */,
			);
			sourceTree = "<group>";
		};
		B90E32652C075DE2004193E5 /* Products */ = {
			isa = PBXGroup;
			children = (
				B90E32642C075DE2004193E5 /* UIWindow.app */,
				B90E327F2C075DE4004193E5 /* UIWindowTests.xctest */,
				B90E32892C075DE4004193E5 /* UIWindowUITests.xctest */,
			);
			name = Products;
			sourceTree = "<group>";
		};
		B90E32662C075DE2004193E5 /* UIWindow */ = {
			isa = PBXGroup;
			children = (
				B90E32672C075DE2004193E5 /* AppDelegate.h */,
				B90E32682C075DE2004193E5 /* AppDelegate.m */,
				B90E326A2C075DE2004193E5 /* SceneDelegate.h */,
				B90E326B2C075DE2004193E5 /* SceneDelegate.m */,
				B90E326D2C075DE2004193E5 /* ViewController.h */,
				B90E326E2C075DE2004193E5 /* ViewController.m */,
				B90E32702C075DE2004193E5 /* Main.storyboard */,
				B90E32732C075DE4004193E5 /* Assets.xcassets */,
				B90E32752C075DE4004193E5 /* LaunchScreen.storyboard */,
				B90E32782C075DE4004193E5 /* Info.plist */,
				B90E32792C075DE4004193E5 /* main.m */,
			);
			path = UIWindow;
			sourceTree = "<group>";
		};
		B90E32822C075DE4004193E5 /* UIWindowTests */ = {
			isa = PBXGroup;
			children = (
				B90E32832C075DE4004193E5 /* UIWindowTests.m */,
			);
			path = UIWindowTests;
			sourceTree = "<group>";
		};
		B90E328C2C075DE4004193E5 /* UIWindowUITests */ = {
			isa = PBXGroup;
			children = (
				B90E328D2C075DE4004193E5 /* UIWindowUITests.m */,
				B90E328F2C075DE4004193E5 /* UIWindowUITestsLaunchTests.m */,
			);
			path = UIWindowUITests;
			sourceTree = "<group>";
		};
/* End PBXGroup section */

/* Begin PBXNativeTarget section */
		B90E32632C075DE2004193E5 /* UIWindow */ = {
			isa = PBXNativeTarget;
			buildConfigurationList = B90E32932C075DE4004193E5 /* Build configuration list for PBXNativeTarget "UIWindow" */;
			buildPhases = (
				B90E32602C075DE2004193E5 /* Sources */,
				B90E32612C075DE2004193E5 /* Frameworks */,
				B90E32622C075DE2004193E5 /* Resources */,
			);
			buildRules = (
			);
			dependencies = (
			);
			name = UIWindow;
			productName = UIWindow;
			productReference = B90E32642C075DE2004193E5 /* UIWindow.app */;
			productType = "com.apple.product-type.application";
		};
		B90E327E2C075DE4004193E5 /* UIWindowTests */ = {
			isa = PBXNativeTarget;
			buildConfigurationList = B90E32962C075DE4004193E5 /* Build configuration list for PBXNativeTarget "UIWindowTests" */;
			buildPhases = (
				B90E327B2C075DE4004193E5 /* Sources */,
				B90E327C2C075DE4004193E5 /* Frameworks */,
				B90E327D2C075DE4004193E5 /* Resources */,
			);
			buildRules = (
			);
			dependencies = (
				B90E32812C075DE4004193E5 /* PBXTargetDependency */,
			);
			name = UIWindowTests;
			productName = UIWindowTests;
			productReference = B90E327F2C075DE4004193E5 /* UIWindowTests.xctest */;
			productType = "com.apple.product-type.bundle.unit-test";
		};
		B90E32882C075DE4004193E5 /* UIWindowUITests */ = {
			isa = PBXNativeTarget;
			buildConfigurationList = B90E32992C075DE4004193E5 /* Build configuration list for PBXNativeTarget "UIWindowUITests" */;
			buildPhases = (
				B90E32852C075DE4004193E5 /* Sources */,
				B90E32862C075DE4004193E5 /* Frameworks */,
				B90E32872C075DE4004193E5 /* Resources */,
			);
			buildRules = (
			);
			dependencies = (
				B90E328B2C075DE4004193E5 /* PBXTargetDependency */,
			);
			name = UIWindowUITests;
			productName = UIWindowUITests;
			productReference = B90E32892C075DE4004193E5 /* UIWindowUITests.xctest */;
			productType = "com.apple.product-type.bundle.ui-testing";
		};
/* End PBXNativeTarget section */

/* Begin PBXProject section */
		B90E325C2C075DE2004193E5 /* Project object */ = {
			isa = PBXProject;
			attributes = {
				BuildIndependentTargetsInParallel = 1;
				LastUpgradeCheck = 1530;
				TargetAttributes = {
					B90E32632C075DE2004193E5 = {
						CreatedOnToolsVersion = 15.3;
					};
					B90E327E2C075DE4004193E5 = {
						CreatedOnToolsVersion = 15.3;
						TestTargetID = B90E32632C075DE2004193E5;
					};
					B90E32882C075DE4004193E5 = {
						CreatedOnToolsVersion = 15.3;
						TestTargetID = B90E32632C075DE2004193E5;
					};
				};
			};
			buildConfigurationList = B90E325F2C075DE2004193E5 /* Build configuration list for PBXProject "UIWindow" */;
			compatibilityVersion = "Xcode 14.0";
			developmentRegion = en;
			hasScannedForEncodings = 0;
			knownRegions = (
				en,
				Base,
			);
			mainGroup = B90E325B2C075DE2004193E5;
			productRefGroup = B90E32652C075DE2004193E5 /* Products */;
			projectDirPath = "";
			projectRoot = "";
			targets = (
				B90E32632C075DE2004193E5 /* UIWindow */,
				B90E327E2C075DE4004193E5 /* UIWindowTests */,
				B90E32882C075DE4004193E5 /* UIWindowUITests */,
			);
		};
/* End PBXProject section */

/* Begin PBXResourcesBuildPhase section */
		B90E32622C075DE2004193E5 /* Resources */ = {
			isa = PBXResourcesBuildPhase;
			buildActionMask = 2147483647;
			files = (
				B90E32742C075DE4004193E5 /* Assets.xcassets in Resources */,
				B90E32772C075DE4004193E5 /* Base in Resources */,
				B90E32722C075DE2004193E5 /* Base in Resources */,
			);
			runOnlyForDeploymentPostprocessing = 0;
		};
		B90E327D2C075DE4004193E5 /* Resources */ = {
			isa = PBXResourcesBuildPhase;
			buildActionMask = 2147483647;
			files = (
			);
			runOnlyForDeploymentPostprocessing = 0;
		};
		B90E32872C075DE4004193E5 /* Resources */ = {
			isa = PBXResourcesBuildPhase;
			buildActionMask = 2147483647;
			files = (
			);
			runOnlyForDeploymentPostprocessing = 0;
		};
/* End PBXResourcesBuildPhase section */

/* Begin PBXSourcesBuildPhase section */
		B90E32602C075DE2004193E5 /* Sources */ = {
			isa = PBXSourcesBuildPhase;
			buildActionMask = 2147483647;
			files = (
				B90E326F2C075DE2004193E5 /* ViewController.m in Sources */,
				B90E32692C075DE2004193E5 /* AppDelegate.m in Sources */,
				B90E327A2C075DE4004193E5 /* main.m in Sources */,
				B90E326C2C075DE2004193E5 /* SceneDelegate.m in Sources */,
			);
			runOnlyForDeploymentPostprocessing = 0;
		};
		B90E327B2C075DE4004193E5 /* Sources */ = {
			isa = PBXSourcesBuildPhase;
			buildActionMask = 2147483647;
			files = (
				B90E32842C075DE4004193E5 /* UIWindowTests.m in Sources */,
			);
			runOnlyForDeploymentPostprocessing = 0;
		};
		B90E32852C075DE4004193E5 /* Sources */ = {
			isa = PBXSourcesBuildPhase;
			buildActionMask = 2147483647;
			files = (
				B90E32902C075DE4004193E5 /* UIWindowUITestsLaunchTests.m in Sources */,
				B90E328E2C075DE4004193E5 /* UIWindowUITests.m in Sources */,
			);
			runOnlyForDeploymentPostprocessing = 0;
		};
/* End PBXSourcesBuildPhase section */

/* Begin PBXTargetDependency section */
		B90E32812C075DE4004193E5 /* PBXTargetDependency */ = {
			isa = PBXTargetDependency;
			target = B90E32632C075DE2004193E5 /* UIWindow */;
			targetProxy = B90E32802C075DE4004193E5 /* PBXContainerItemProxy */;
		};
		B90E328B2C075DE4004193E5 /* PBXTargetDependency */ = {
			isa = PBXTargetDependency;
			target = B90E32632C075DE2004193E5 /* UIWindow */;
			targetProxy = B90E328A2C075DE4004193E5 /* PBXContainerItemProxy */;
		};
/* End PBXTargetDependency section */

/* Begin PBXVariantGroup section */
		B90E32702C075DE2004193E5 /* Main.storyboard */ = {
			isa = PBXVariantGroup;
			children = (
				B90E32712C075DE2004193E5 /* Base */,
			);
			name = Main.storyboard;
			sourceTree = "<group>";
		};
		B90E32752C075DE4004193E5 /* LaunchScreen.storyboard */ = {
			isa = PBXVariantGroup;
			children = (
				B90E32762C075DE4004193E5 /* Base */,
			);
			name = LaunchScreen.storyboard;
			sourceTree = "<group>";
		};
/* End PBXVariantGroup section */

/* Begin XCBuildConfiguration section */
		B90E32912C075DE4004193E5 /* Debug */ = {
			isa = XCBuildConfiguration;
			buildSettings = {
				ALWAYS_SEARCH_USER_PATHS = NO;
				ASSETCATALOG_COMPILER_GENERATE_SWIFT_ASSET_SYMBOL_EXTENSIONS = YES;
				CLANG_ANALYZER_NONNULL = YES;
				CLANG_ANALYZER_NUMBER_OBJECT_CONVERSION = YES_AGGRESSIVE;
				CLANG_CXX_LANGUAGE_STANDARD = "gnu++20";
				CLANG_ENABLE_MODULES = YES;
				CLANG_ENABLE_OBJC_ARC = YES;
				CLANG_ENABLE_OBJC_WEAK = YES;
				CLANG_WARN_BLOCK_CAPTURE_AUTORELEASING = YES;
				CLANG_WARN_BOOL_CONVERSION = YES;
				CLANG_WARN_COMMA = YES;
				CLANG_WARN_CONSTANT_CONVERSION = YES;
				CLANG_WARN_DEPRECATED_OBJC_IMPLEMENTATIONS = YES;
				CLANG_WARN_DIRECT_OBJC_ISA_USAGE = YES_ERROR;
				CLANG_WARN_DOCUMENTATION_COMMENTS = YES;
				CLANG_WARN_EMPTY_BODY = YES;
				CLANG_WARN_ENUM_CONVERSION = YES;
				CLANG_WARN_INFINITE_RECURSION = YES;
				CLANG_WARN_INT_CONVERSION = YES;
				CLANG_WARN_NON_LITERAL_NULL_CONVERSION = YES;
				CLANG_WARN_OBJC_IMPLICIT_RETAIN_SELF = YES;
				CLANG_WARN_OBJC_LITERAL_CONVERSION = YES;
				CLANG_WARN_OBJC_ROOT_CLASS = YES_ERROR;
				CLANG_WARN_QUOTED_INCLUDE_IN_FRAMEWORK_HEADER = YES;
				CLANG_WARN_RANGE_LOOP_ANALYSIS = YES;
				CLANG_WARN_STRICT_PROTOTYPES = YES;
				CLANG_WARN_SUSPICIOUS_MOVE = YES;
				CLANG_WARN_UNGUARDED_AVAILABILITY = YES_AGGRESSIVE;
				CLANG_WARN_UNREACHABLE_CODE = YES;
				CLANG_WARN__DUPLICATE_METHOD_MATCH = YES;
				COPY_PHASE_STRIP = NO;
				DEBUG_INFORMATION_FORMAT = dwarf;
				ENABLE_STRICT_OBJC_MSGSEND = YES;
				ENABLE_TESTABILITY = YES;
				ENABLE_USER_SCRIPT_SANDBOXING = YES;
				GCC_C_LANGUAGE_STANDARD = gnu17;
				GCC_DYNAMIC_NO_PIC = NO;
				GCC_NO_COMMON_BLOCKS = YES;
				GCC_OPTIMIZATION_LEVEL = 0;
				GCC_PREPROCESSOR_DEFINITIONS = (
					"DEBUG=1",
					"$(inherited)",
				);
				GCC_WARN_64_TO_32_BIT_CONVERSION = YES;
				GCC_WARN_ABOUT_RETURN_TYPE = YES_ERROR;
				GCC_WARN_UNDECLARED_SELECTOR = YES;
				GCC_WARN_UNINITIALIZED_AUTOS = YES_AGGRESSIVE;
				GCC_WARN_UNUSED_FUNCTION = YES;
				GCC_WARN_UNUSED_VARIABLE = YES;
				IPHONEOS_DEPLOYMENT_TARGET = 17.4;
				LOCALIZATION_PREFERS_STRING_CATALOGS = YES;
				MTL_ENABLE_DEBUG_INFO = INCLUDE_SOURCE;
				MTL_FAST_MATH = YES;
				ONLY_ACTIVE_ARCH = YES;
				SDKROOT = iphoneos;
			};
			name = Debug;
		};
		B90E32922C075DE4004193E5 /* Release */ = {
			isa = XCBuildConfiguration;
			buildSettings = {
				ALWAYS_SEARCH_USER_PATHS = NO;
				ASSETCATALOG_COMPILER_GENERATE_SWIFT_ASSET_SYMBOL_EXTENSIONS = YES;
				CLANG_ANALYZER_NONNULL = YES;
				CLANG_ANALYZER_NUMBER_OBJECT_CONVERSION = YES_AGGRESSIVE;
				CLANG_CXX_LANGUAGE_STANDARD = "gnu++20";
				CLANG_ENABLE_MODULES = YES;
				CLANG_ENABLE_OBJC_ARC = YES;
				CLANG_ENABLE_OBJC_WEAK = YES;
				CLANG_WARN_BLOCK_CAPTURE_AUTORELEASING = YES;
				CLANG_WARN_BOOL_CONVERSION = YES;
				CLANG_WARN_COMMA = YES;
				CLANG_WARN_CONSTANT_CONVERSION = YES;
				CLANG_WARN_DEPRECATED_OBJC_IMPLEMENTATIONS = YES;
				CLANG_WARN_DIRECT_OBJC_ISA_USAGE = YES_ERROR;
				CLANG_WARN_DOCUMENTATION_COMMENTS = YES;
				CLANG_WARN_EMPTY_BODY = YES;
				CLANG_WARN_ENUM_CONVERSION = YES;
				CLANG_WARN_INFINITE_RECURSION = YES;
				CLANG_WARN_INT_CONVERSION = YES;
				CLANG_WARN_NON_LITERAL_NULL_CONVERSION = YES;
				CLANG_WARN_OBJC_IMPLICIT_RETAIN_SELF = YES;
				CLANG_WARN_OBJC_LITERAL_CONVERSION = YES;
				CLANG_WARN_OBJC_ROOT_CLASS = YES_ERROR;
				CLANG_WARN_QUOTED_INCLUDE_IN_FRAMEWORK_HEADER = YES;
				CLANG_WARN_RANGE_LOOP_ANALYSIS = YES;
				CLANG_WARN_STRICT_PROTOTYPES = YES;
				CLANG_WARN_SUSPICIOUS_MOVE = YES;
				CLANG_WARN_UNGUARDED_AVAILABILITY = YES_AGGRESSIVE;
				CLANG_WARN_UNREACHABLE_CODE = YES;
				CLANG_WARN__DUPLICATE_METHOD_MATCH = YES;
				COPY_PHASE_STRIP = NO;
				DEBUG_INFORMATION_FORMAT = "dwarf-with-dsym";
				ENABLE_NS_ASSERTIONS = NO;
				ENABLE_STRICT_OBJC_MSGSEND = YES;
				ENABLE_USER_SCRIPT_SANDBOXING = YES;
				GCC_C_LANGUAGE_STANDARD = gnu17;
				GCC_NO_COMMON_BLOCKS = YES;
				GCC_WARN_64_TO_32_BIT_CONVERSION = YES;
				GCC_WARN_ABOUT_RETURN_TYPE = YES_ERROR;
				GCC_WARN_UNDECLARED_SELECTOR = YES;
				GCC_WARN_UNINITIALIZED_AUTOS = YES_AGGRESSIVE;
				GCC_WARN_UNUSED_FUNCTION = YES;
				GCC_WARN_UNUSED_VARIABLE = YES;
				IPHONEOS_DEPLOYMENT_TARGET = 17.4;
				LOCALIZATION_PREFERS_STRING_CATALOGS = YES;
				MTL_ENABLE_DEBUG_INFO = NO;
				MTL_FAST_MATH = YES;
				SDKROOT = iphoneos;
				VALIDATE_PRODUCT = YES;
			};
			name = Release;
		};
		B90E32942C075DE4004193E5 /* Debug */ = {
			isa = XCBuildConfiguration;
			buildSettings = {
				ASSETCATALOG_COMPILER_APPICON_NAME = AppIcon;
				ASSETCATALOG_COMPILER_GLOBAL_ACCENT_COLOR_NAME = AccentColor;
				CODE_SIGN_STYLE = Automatic;
				CURRENT_PROJECT_VERSION = 1;
				GENERATE_INFOPLIST_FILE = YES;
				INFOPLIST_FILE = UIWindow/Info.plist;
				INFOPLIST_KEY_UIApplicationSupportsIndirectInputEvents = YES;
				INFOPLIST_KEY_UILaunchStoryboardName = LaunchScreen;
				INFOPLIST_KEY_UIMainStoryboardFile = Main;
				INFOPLIST_KEY_UISupportedInterfaceOrientations_iPad = "UIInterfaceOrientationPortrait UIInterfaceOrientationPortraitUpsideDown UIInterfaceOrientationLandscapeLeft UIInterfaceOrientationLandscapeRight";
				INFOPLIST_KEY_UISupportedInterfaceOrientations_iPhone = "UIInterfaceOrientationPortrait UIInterfaceOrientationLandscapeLeft UIInterfaceOrientationLandscapeRight";
				LD_RUNPATH_SEARCH_PATHS = (
					"$(inherited)",
					"@executable_path/Frameworks",
				);
				MARKETING_VERSION = 1.0;
				PRODUCT_BUNDLE_IDENTIFIER = com.zhizuobiao.UIWindow;
				PRODUCT_NAME = "$(TARGET_NAME)";
				SWIFT_EMIT_LOC_STRINGS = YES;
				TARGETED_DEVICE_FAMILY = "1,2";
			};
			name = Debug;
		};
		B90E32952C075DE4004193E5 /* Release */ = {
			isa = XCBuildConfiguration;
			buildSettings = {
				ASSETCATALOG_COMPILER_APPICON_NAME = AppIcon;
				ASSETCATALOG_COMPILER_GLOBAL_ACCENT_COLOR_NAME = AccentColor;
				CODE_SIGN_STYLE = Automatic;
				CURRENT_PROJECT_VERSION = 1;
				GENERATE_INFOPLIST_FILE = YES;
				INFOPLIST_FILE = UIWindow/Info.plist;
				INFOPLIST_KEY_UIApplicationSupportsIndirectInputEvents = YES;
				INFOPLIST_KEY_UILaunchStoryboardName = LaunchScreen;
				INFOPLIST_KEY_UIMainStoryboardFile = Main;
				INFOPLIST_KEY_UISupportedInterfaceOrientations_iPad = "UIInterfaceOrientationPortrait UIInterfaceOrientationPortraitUpsideDown UIInterfaceOrientationLandscapeLeft UIInterfaceOrientationLandscapeRight";
				INFOPLIST_KEY_UISupportedInterfaceOrientations_iPhone = "UIInterfaceOrientationPortrait UIInterfaceOrientationLandscapeLeft UIInterfaceOrientationLandscapeRight";
				LD_RUNPATH_SEARCH_PATHS = (
					"$(inherited)",
					"@executable_path/Frameworks",
				);
				MARKETING_VERSION = 1.0;
				PRODUCT_BUNDLE_IDENTIFIER = com.zhizuobiao.UIWindow;
				PRODUCT_NAME = "$(TARGET_NAME)";
				SWIFT_EMIT_LOC_STRINGS = YES;
				TARGETED_DEVICE_FAMILY = "1,2";
			};
			name = Release;
		};
		B90E32972C075DE4004193E5 /* Debug */ = {
			isa = XCBuildConfiguration;
			buildSettings = {
				BUNDLE_LOADER = "$(TEST_HOST)";
				CODE_SIGN_STYLE = Automatic;
				CURRENT_PROJECT_VERSION = 1;
				GENERATE_INFOPLIST_FILE = YES;
				IPHONEOS_DEPLOYMENT_TARGET = 17.4;
				MARKETING_VERSION = 1.0;
				PRODUCT_BUNDLE_IDENTIFIER = com.zhizuobiao.UIWindowTests;
				PRODUCT_NAME = "$(TARGET_NAME)";
				SWIFT_EMIT_LOC_STRINGS = NO;
				TARGETED_DEVICE_FAMILY = "1,2";
				TEST_HOST = "$(BUILT_PRODUCTS_DIR)/UIWindow.app/$(BUNDLE_EXECUTABLE_FOLDER_PATH)/UIWindow";
			};
			name = Debug;
		};
		B90E32982C075DE4004193E5 /* Release */ = {
			isa = XCBuildConfiguration;
			buildSettings = {
				BUNDLE_LOADER = "$(TEST_HOST)";
				CODE_SIGN_STYLE = Automatic;
				CURRENT_PROJECT_VERSION = 1;
				GENERATE_INFOPLIST_FILE = YES;
				IPHONEOS_DEPLOYMENT_TARGET = 17.4;
				MARKETING_VERSION = 1.0;
				PRODUCT_BUNDLE_IDENTIFIER = com.zhizuobiao.UIWindowTests;
				PRODUCT_NAME = "$(TARGET_NAME)";
				SWIFT_EMIT_LOC_STRINGS = NO;
				TARGETED_DEVICE_FAMILY = "1,2";
				TEST_HOST = "$(BUILT_PRODUCTS_DIR)/UIWindow.app/$(BUNDLE_EXECUTABLE_FOLDER_PATH)/UIWindow";
			};
			name = Release;
		};
		B90E329A2C075DE4004193E5 /* Debug */ = {
			isa = XCBuildConfiguration;
			buildSettings = {
				CODE_SIGN_STYLE = Automatic;
				CURRENT_PROJECT_VERSION = 1;
				GENERATE_INFOPLIST_FILE = YES;
				MARKETING_VERSION = 1.0;
				PRODUCT_BUNDLE_IDENTIFIER = com.zhizuobiao.UIWindowUITests;
				PRODUCT_NAME = "$(TARGET_NAME)";
				SWIFT_EMIT_LOC_STRINGS = NO;
				TARGETED_DEVICE_FAMILY = "1,2";
				TEST_TARGET_NAME = UIWindow;
			};
			name = Debug;
		};
		B90E329B2C075DE4004193E5 /* Release */ = {
			isa = XCBuildConfiguration;
			buildSettings = {
				CODE_SIGN_STYLE = Automatic;
				CURRENT_PROJECT_VERSION = 1;
				GENERATE_INFOPLIST_FILE = YES;
				MARKETING_VERSION = 1.0;
				PRODUCT_BUNDLE_IDENTIFIER = com.zhizuobiao.UIWindowUITests;
				PRODUCT_NAME = "$(TARGET_NAME)";
				SWIFT_EMIT_LOC_STRINGS = NO;
				TARGETED_DEVICE_FAMILY = "1,2";
				TEST_TARGET_NAME = UIWindow;
			};
			name = Release;
		};
/* End XCBuildConfiguration section */

/* Begin XCConfigurationList section */
		B90E325F2C075DE2004193E5 /* Build configuration list for PBXProject "UIWindow" */ = {
			isa = XCConfigurationList;
			buildConfigurations = (
				B90E32912C075DE4004193E5 /* Debug */,
				B90E32922C075DE4004193E5 /* Release */,
			);
			defaultConfigurationIsVisible = 0;
			defaultConfigurationName = Release;
		};
		B90E32932C075DE4004193E5 /* Build configuration list for PBXNativeTarget "UIWindow" */ = {
			isa = XCConfigurationList;
			buildConfigurations = (
				B90E32942C075DE4004193E5 /* Debug */,
				B90E32952C075DE4004193E5 /* Release */,
			);
			defaultConfigurationIsVisible = 0;
			defaultConfigurationName = Release;
		};
		B90E32962C075DE4004193E5 /* Build configuration list for PBXNativeTarget "UIWindowTests" */ = {
			isa = XCConfigurationList;
			buildConfigurations = (
				B90E32972C075DE4004193E5 /* Debug */,
				B90E32982C075DE4004193E5 /* Release */,
			);
			defaultConfigurationIsVisible = 0;
			defaultConfigurationName = Release;
		};
		B90E32992C075DE4004193E5 /* Build configuration list for PBXNativeTarget "UIWindowUITests" */ = {
			isa = XCConfigurationList;
			buildConfigurations = (
				B90E329A2C075DE4004193E5 /* Debug */,
				B90E329B2C075DE4004193E5 /* Release */,
			);
			defaultConfigurationIsVisible = 0;
			defaultConfigurationName = Release;
		};
/* End XCConfigurationList section */
	};
	rootObject = B90E325C2C075DE2004193E5 /* Project object */;
}
